
Microsoft Visual Studio Solution File, Format Version 12.00
# Visual Studio Version 16
VisualStudioVersion = 16.0.29418.71
MinimumVisualStudioVersion = 10.0.40219.1
Project("{FAE04EC0-301F-11D3-BF4B-00C04F79EFBC}") = "CloudTopSupport", "CloudTopSupport\CloudTopSupport.csproj", "{AC3CD352-68F5-4F9E-AB3D-507FDFA4345A}"
EndProject
Project("{FAE04EC0-301F-11D3-BF4B-00C04F79EFBC}") = "Support.Common", "Support.Common\Support.Common.csproj", "{CD7979B1-B9A3-4EF3-B654-06041EF8EE0B}"
EndProject
Project("{FAE04EC0-301F-11D3-BF4B-00C04F79EFBC}") = "GA.BaseHelper", "..\GA.BaseHelper\GA.BaseHelper\GA.BaseHelper.csproj", "{8C40836D-1136-4036-A2E7-BCF4D7D2F7A0}"
EndProject
Project("{FAE04EC0-301F-11D3-BF4B-00C04F79EFBC}") = "SQLiteOperate", "..\code example\SQLiteOperate  SQLite数据库操作\SQLiteOperate.csproj", "{8CE813EF-A100-41F8-A5F0-4EAB02721810}"
EndProject
Project("{FAE04EC0-301F-11D3-BF4B-00C04F79EFBC}") = "GA.WpfControl", "..\GA.WpfControl\GA.WpfControl\GA.WpfControl.csproj", "{C7558B6C-382C-45A2-8E35-029B4E906E59}"
EndProject
Project("{FAE04EC0-301F-11D3-BF4B-00C04F79EFBC}") = "LOL_Killer", "LOL_Killer\LOL_Killer.csproj", "{7FD12415-5849-48CD-895F-04110C9E363E}"
EndProject
Global
	GlobalSection(SolutionConfigurationPlatforms) = preSolution
		Debug|Any CPU = Debug|Any CPU
		Debug|x64 = Debug|x64
		Release|Any CPU = Release|Any CPU
		Release|x64 = Release|x64
	EndGlobalSection
	GlobalSection(ProjectConfigurationPlatforms) = postSolution
		{AC3CD352-68F5-4F9E-AB3D-507FDFA4345A}.Debug|Any CPU.ActiveCfg = Debug|Any CPU
		{AC3CD352-68F5-4F9E-AB3D-507FDFA4345A}.Debug|Any CPU.Build.0 = Debug|Any CPU
		{AC3CD352-68F5-4F9E-AB3D-507FDFA4345A}.Debug|x64.ActiveCfg = Debug|Any CPU
		{AC3CD352-68F5-4F9E-AB3D-507FDFA4345A}.Debug|x64.Build.0 = Debug|Any CPU
		{AC3CD352-68F5-4F9E-AB3D-507FDFA4345A}.Release|Any CPU.ActiveCfg = Release|Any CPU
		{AC3CD352-68F5-4F9E-AB3D-507FDFA4345A}.Release|Any CPU.Build.0 = Release|Any CPU
		{AC3CD352-68F5-4F9E-AB3D-507FDFA4345A}.Release|x64.ActiveCfg = Release|Any CPU
		{AC3CD352-68F5-4F9E-AB3D-507FDFA4345A}.Release|x64.Build.0 = Release|Any CPU
		{CD7979B1-B9A3-4EF3-B654-06041EF8EE0B}.Debug|Any CPU.ActiveCfg = Debug|Any CPU
		{CD7979B1-B9A3-4EF3-B654-06041EF8EE0B}.Debug|Any CPU.Build.0 = Debug|Any CPU
		{CD7979B1-B9A3-4EF3-B654-06041EF8EE0B}.Debug|x64.ActiveCfg = Debug|Any CPU
		{CD7979B1-B9A3-4EF3-B654-06041EF8EE0B}.Debug|x64.Build.0 = Debug|Any CPU
		{CD7979B1-B9A3-4EF3-B654-06041EF8EE0B}.Release|Any CPU.ActiveCfg = Release|Any CPU
		{CD7979B1-B9A3-4EF3-B654-06041EF8EE0B}.Release|Any CPU.Build.0 = Release|Any CPU
		{CD7979B1-B9A3-4EF3-B654-06041EF8EE0B}.Release|x64.ActiveCfg = Release|Any CPU
		{CD7979B1-B9A3-4EF3-B654-06041EF8EE0B}.Release|x64.Build.0 = Release|Any CPU
		{8C40836D-1136-4036-A2E7-BCF4D7D2F7A0}.Debug|Any CPU.ActiveCfg = Debug|Any CPU
		{8C40836D-1136-4036-A2E7-BCF4D7D2F7A0}.Debug|Any CPU.Build.0 = Debug|Any CPU
		{8C40836D-1136-4036-A2E7-BCF4D7D2F7A0}.Debug|x64.ActiveCfg = Debug|Any CPU
		{8C40836D-1136-4036-A2E7-BCF4D7D2F7A0}.Debug|x64.Build.0 = Debug|Any CPU
		{8C40836D-1136-4036-A2E7-BCF4D7D2F7A0}.Release|Any CPU.ActiveCfg = Release|Any CPU
		{8C40836D-1136-4036-A2E7-BCF4D7D2F7A0}.Release|Any CPU.Build.0 = Release|Any CPU
		{8C40836D-1136-4036-A2E7-BCF4D7D2F7A0}.Release|x64.ActiveCfg = Release|Any CPU
		{8C40836D-1136-4036-A2E7-BCF4D7D2F7A0}.Release|x64.Build.0 = Release|Any CPU
		{8CE813EF-A100-41F8-A5F0-4EAB02721810}.Debug|Any CPU.ActiveCfg = Debug|Any CPU
		{8CE813EF-A100-41F8-A5F0-4EAB02721810}.Debug|Any CPU.Build.0 = Debug|Any CPU
		{8CE813EF-A100-41F8-A5F0-4EAB02721810}.Debug|x64.ActiveCfg = Debug|x64
		{8CE813EF-A100-41F8-A5F0-4EAB02721810}.Debug|x64.Build.0 = Debug|x64
		{8CE813EF-A100-41F8-A5F0-4EAB02721810}.Release|Any CPU.ActiveCfg = Release|Any CPU
		{8CE813EF-A100-41F8-A5F0-4EAB02721810}.Release|Any CPU.Build.0 = Release|Any CPU
		{8CE813EF-A100-41F8-A5F0-4EAB02721810}.Release|x64.ActiveCfg = Release|x64
		{8CE813EF-A100-41F8-A5F0-4EAB02721810}.Release|x64.Build.0 = Release|x64
		{C7558B6C-382C-45A2-8E35-029B4E906E59}.Debug|Any CPU.ActiveCfg = Debug|Any CPU
		{C7558B6C-382C-45A2-8E35-029B4E906E59}.Debug|Any CPU.Build.0 = Debug|Any CPU
		{C7558B6C-382C-45A2-8E35-029B4E906E59}.Debug|x64.ActiveCfg = Debug|Any CPU
		{C7558B6C-382C-45A2-8E35-029B4E906E59}.Debug|x64.Build.0 = Debug|Any CPU
		{C7558B6C-382C-45A2-8E35-029B4E906E59}.Release|Any CPU.ActiveCfg = Release|Any CPU
		{C7558B6C-382C-45A2-8E35-029B4E906E59}.Release|Any CPU.Build.0 = Release|Any CPU
		{C7558B6C-382C-45A2-8E35-029B4E906E59}.Release|x64.ActiveCfg = Release|Any CPU
		{C7558B6C-382C-45A2-8E35-029B4E906E59}.Release|x64.Build.0 = Release|Any CPU
		{7FD12415-5849-48CD-895F-04110C9E363E}.Debug|Any CPU.ActiveCfg = Debug|Any CPU
		{7FD12415-5849-48CD-895F-04110C9E363E}.Debug|Any CPU.Build.0 = Debug|Any CPU
		{7FD12415-5849-48CD-895F-04110C9E363E}.Debug|x64.ActiveCfg = Debug|Any CPU
		{7FD12415-5849-48CD-895F-04110C9E363E}.Debug|x64.Build.0 = Debug|Any CPU
		{7FD12415-5849-48CD-895F-04110C9E363E}.Release|Any CPU.ActiveCfg = Release|Any CPU
		{7FD12415-5849-48CD-895F-04110C9E363E}.Release|Any CPU.Build.0 = Release|Any CPU
		{7FD12415-5849-48CD-895F-04110C9E363E}.Release|x64.ActiveCfg = Release|Any CPU
		{7FD12415-5849-48CD-895F-04110C9E363E}.Release|x64.Build.0 = Release|Any CPU
	EndGlobalSection
	GlobalSection(SolutionProperties) = preSolution
		HideSolutionNode = FALSE
	EndGlobalSection
	GlobalSection(ExtensibilityGlobals) = postSolution
		SolutionGuid = {19363E6F-E915-4858-9D36-C0377E5A7F56}
	EndGlobalSection
EndGlobal
